<?xml version="1.0" encoding="utf-8"?>
<Project ToolsVersion="4.0" xmlns="http://schemas.microsoft.com/developer/msbuild/2003">
  <ItemGroup>
    <Filter Include="Source">
      <UniqueIdentifier>{ea84b77e-bacf-40b9-937c-05ec63b51df1}</UniqueIdentifier>
    </Filter>
    <Filter Include="Source\Protocol">
      <UniqueIdentifier>{0ab7e22f-84a5-464f-81f2-fdb085b5b361}</UniqueIdentifier>
    </Filter>
  </ItemGroup>
  <ItemGroup>
    <ClCompile Include="Source\Client.cpp">
      <Filter>Source</Filter>
    </ClCompile>
    <ClCompile Include="Source\pch.cpp">
      <Filter>Source</Filter>
    </ClCompile>
    <ClCompile Include="Source\ClientSessions.cpp">
      <Filter>Source</Filter>
    </ClCompile>
    <ClCompile Include="Source\Protocol\Struct.pb.cc">
      <Filter>Source\Protocol</Filter>
    </ClCompile>
    <ClCompile Include="Source\Protocol\Enum.pb.cc">
      <Filter>Source\Protocol</Filter>
    </ClCompile>
    <ClCompile Include="Source\Protocol\Protocol.pb.cc">
      <Filter>Source\Protocol</Filter>
    </ClCompile>
    <ClCompile Include="Source\ClientPacketHandler.cpp">
      <Filter>Source</Filter>
    </ClCompile>
    <ClCompile Include="Source\User.cpp">
      <Filter>Source</Filter>
    </ClCompile>
    <ClCompile Include="Source\UserManager.cpp">
      <Filter>Source</Filter>
    </ClCompile>
    <ClCompile Include="Source\HyClientInstance.cpp">
      <Filter>Source</Filter>
    </ClCompile>
  </ItemGroup>
  <ItemGroup>
    <ClInclude Include="Source\Client.h">
      <Filter>Source</Filter>
    </ClInclude>
    <ClInclude Include="Source\pch.h">
      <Filter>Source</Filter>
    </ClInclude>
    <ClInclude Include="Source\ClientSessions.h">
      <Filter>Source</Filter>
    </ClInclude>
    <ClInclude Include="Source\ClientPacketHandler.h">
      <Filter>Source</Filter>
    </ClInclude>
    <ClInclude Include="Source\Protocol\Protocol.pb.h">
      <Filter>Source\Protocol</Filter>
    </ClInclude>
    <ClInclude Include="Source\Protocol\Struct.pb.h">
      <Filter>Source\Protocol</Filter>
    </ClInclude>
    <ClInclude Include="Source\Protocol\Enum.pb.h">
      <Filter>Source\Protocol</Filter>
    </ClInclude>
    <ClInclude Include="Source\User.h">
      <Filter>Source</Filter>
    </ClInclude>
    <ClInclude Include="Source\UserManager.h">
      <Filter>Source</Filter>
    </ClInclude>
    <ClInclude Include="Source\HyClientInstance.h">
      <Filter>Source</Filter>
    </ClInclude>
  </ItemGroup>
</Project>