<?xml version="1.0" encoding="utf-8"?>
<Project ToolsVersion="4.0" xmlns="http://schemas.microsoft.com/developer/msbuild/2003">
  <ItemGroup>
    <Filter Include="Source">
      <UniqueIdentifier>{5fb8b320-4c4d-4cb6-9f6c-618158dc6223}</UniqueIdentifier>
    </Filter>
    <Filter Include="Source\Common">
      <UniqueIdentifier>{40d41c42-eb95-42b3-9975-a7dda8cc18a2}</UniqueIdentifier>
    </Filter>
    <Filter Include="Source\Network">
      <UniqueIdentifier>{dd253cec-7ce8-43ed-b1ad-8b131f64a338}</UniqueIdentifier>
    </Filter>
    <Filter Include="Source\Thread">
      <UniqueIdentifier>{663477a9-1843-490a-9ed9-158dd8ea4914}</UniqueIdentifier>
    </Filter>
    <Filter Include="Source\Common\Header">
      <UniqueIdentifier>{fe4fbc9f-1f90-4572-8012-9bd97cd247a7}</UniqueIdentifier>
    </Filter>
    <Filter Include="Source\Manager">
      <UniqueIdentifier>{4bd3a9bb-5e05-4339-b0a7-a963d29ca420}</UniqueIdentifier>
    </Filter>
    <Filter Include="Source\Common\Pch">
      <UniqueIdentifier>{45a6f5fc-3dc1-4b79-8cff-1621a46986de}</UniqueIdentifier>
    </Filter>
    <Filter Include="Source\Job">
      <UniqueIdentifier>{191bb144-3dec-4260-8aa3-8826bf25f922}</UniqueIdentifier>
    </Filter>
    <Filter Include="Source\Network\Buffer">
      <UniqueIdentifier>{630df293-e6d7-47f3-b04f-27816c559a3e}</UniqueIdentifier>
    </Filter>
  </ItemGroup>
  <ItemGroup>
    <ClCompile Include="Source\Thread\ThreadLocal.cpp">
      <Filter>Source\Thread</Filter>
    </ClCompile>
    <ClCompile Include="Source\Thread\LockGuard.cpp">
      <Filter>Source\Thread</Filter>
    </ClCompile>
    <ClCompile Include="Source\Manager\ThreadManager.cpp">
      <Filter>Source\Manager</Filter>
    </ClCompile>
    <ClCompile Include="Source\Common\NetStruct.cpp">
      <Filter>Source\Common</Filter>
    </ClCompile>
    <ClCompile Include="Source\Common\NetEnum.cpp">
      <Filter>Source\Common</Filter>
    </ClCompile>
    <ClCompile Include="Source\Common\Netpch.cpp">
      <Filter>Source\Common\Pch</Filter>
    </ClCompile>
    <ClCompile Include="Source\Network\HySession.cpp">
      <Filter>Source\Network</Filter>
    </ClCompile>
    <ClCompile Include="Source\Network\MyIOCP.cpp">
      <Filter>Source\Network</Filter>
    </ClCompile>
    <ClCompile Include="Source\Manager\JobManager.cpp">
      <Filter>Source\Manager</Filter>
    </ClCompile>
    <ClCompile Include="Source\Job\Job.cpp">
      <Filter>Source\Job</Filter>
    </ClCompile>
    <ClCompile Include="Source\Job\JobScheduler.cpp">
      <Filter>Source\Job</Filter>
    </ClCompile>
    <ClCompile Include="Source\Job\LockQueue.cpp">
      <Filter>Source\Job</Filter>
    </ClCompile>
    <ClCompile Include="Source\Manager\BaseManager.cpp">
      <Filter>Source\Manager</Filter>
    </ClCompile>
    <ClCompile Include="Source\Manager\HyInstance.cpp">
      <Filter>Source\Manager</Filter>
    </ClCompile>
    <ClCompile Include="Source\Network\RecvBuffer.cpp">
      <Filter>Source\Network\Buffer</Filter>
    </ClCompile>
    <ClCompile Include="Source\Network\SendBuffer.cpp">
      <Filter>Source\Network\Buffer</Filter>
    </ClCompile>
  </ItemGroup>
  <ItemGroup>
    <ClInclude Include="Source\Common\Header\HyType.h">
      <Filter>Source\Common\Header</Filter>
    </ClInclude>
    <ClInclude Include="Source\Common\Header\HyMacro.h">
      <Filter>Source\Common\Header</Filter>
    </ClInclude>
    <ClInclude Include="Source\Thread\ThreadLocal.h">
      <Filter>Source\Thread</Filter>
    </ClInclude>
    <ClInclude Include="Source\Thread\LockGuard.h">
      <Filter>Source\Thread</Filter>
    </ClInclude>
    <ClInclude Include="Source\Manager\ThreadManager.h">
      <Filter>Source\Manager</Filter>
    </ClInclude>
    <ClInclude Include="Source\Common\NetEnum.h">
      <Filter>Source\Common</Filter>
    </ClInclude>
    <ClInclude Include="Source\Common\NetStruct.h">
      <Filter>Source\Common</Filter>
    </ClInclude>
    <ClInclude Include="Source\Common\Netpch.h">
      <Filter>Source\Common\Pch</Filter>
    </ClInclude>
    <ClInclude Include="Source\Network\HySession.h">
      <Filter>Source\Network</Filter>
    </ClInclude>
    <ClInclude Include="Source\Network\MyIOCP.h">
      <Filter>Source\Network</Filter>
    </ClInclude>
    <ClInclude Include="Source\Network\NetAddress.h">
      <Filter>Source\Network</Filter>
    </ClInclude>
    <ClInclude Include="Source\Manager\JobManager.h">
      <Filter>Source\Manager</Filter>
    </ClInclude>
    <ClInclude Include="Source\Job\Job.h">
      <Filter>Source\Job</Filter>
    </ClInclude>
    <ClInclude Include="Source\Job\JobScheduler.h">
      <Filter>Source\Job</Filter>
    </ClInclude>
    <ClInclude Include="Source\Job\LockQueue.h">
      <Filter>Source\Job</Filter>
    </ClInclude>
    <ClInclude Include="Source\Manager\BaseManager.h">
      <Filter>Source\Manager</Filter>
    </ClInclude>
    <ClInclude Include="Source\Manager\HyInstance.h">
      <Filter>Source\Manager</Filter>
    </ClInclude>
    <ClInclude Include="Source\Network\RecvBuffer.h">
      <Filter>Source\Network\Buffer</Filter>
    </ClInclude>
    <ClInclude Include="Source\Network\SendBuffer.h">
      <Filter>Source\Network\Buffer</Filter>
    </ClInclude>
  </ItemGroup>
</Project>