<?xml version="1.0" encoding="utf-8"?>
<Project ToolsVersion="4.0" xmlns="http://schemas.microsoft.com/developer/msbuild/2003">
  <ItemGroup>
    <Filter Include="Source">
      <UniqueIdentifier>{96db42a7-dbce-4521-b0fe-bb8ce447fdbe}</UniqueIdentifier>
    </Filter>
    <Filter Include="Source\Protocol">
      <UniqueIdentifier>{b90917ae-61dd-4614-a578-dd36c973e1a0}</UniqueIdentifier>
    </Filter>
    <Filter Include="Source\Network">
      <UniqueIdentifier>{dbe79bc0-e4aa-4741-97db-1c589c127832}</UniqueIdentifier>
    </Filter>
    <Filter Include="Source\Manager">
      <UniqueIdentifier>{6ebf0119-3b4a-4656-a17f-fb26b1d97348}</UniqueIdentifier>
    </Filter>
    <Filter Include="Source\Contents">
      <UniqueIdentifier>{e26055b9-7bd5-49f8-ae34-5945e25c94f0}</UniqueIdentifier>
    </Filter>
    <Filter Include="Source\Header">
      <UniqueIdentifier>{76274a3b-a1bd-4196-9e9d-be2387351794}</UniqueIdentifier>
    </Filter>
    <Filter Include="Source\0_Main">
      <UniqueIdentifier>{cd4b4380-52e7-44c7-bb31-31b9870f0c9c}</UniqueIdentifier>
    </Filter>
    <Filter Include="Source\DB">
      <UniqueIdentifier>{495357ff-1899-4292-920f-a2e4764c961a}</UniqueIdentifier>
    </Filter>
    <Filter Include="Source\Utils">
      <UniqueIdentifier>{75b11a6b-e098-4160-99b0-b2e7df9b5862}</UniqueIdentifier>
    </Filter>
  </ItemGroup>
  <ItemGroup>
    <ClCompile Include="Source\Protocol\Struct.pb.cc">
      <Filter>Source\Protocol</Filter>
    </ClCompile>
    <ClCompile Include="Source\Protocol\Enum.pb.cc">
      <Filter>Source\Protocol</Filter>
    </ClCompile>
    <ClCompile Include="Source\Protocol\Protocol.pb.cc">
      <Filter>Source\Protocol</Filter>
    </ClCompile>
    <ClCompile Include="Source\ServerPacketHandler.cpp">
      <Filter>Source\Network</Filter>
    </ClCompile>
    <ClCompile Include="Source\ServerSessions.cpp">
      <Filter>Source\Network</Filter>
    </ClCompile>
    <ClCompile Include="Source\UserManager.cpp">
      <Filter>Source\Manager</Filter>
    </ClCompile>
    <ClCompile Include="Source\SessionManager.cpp">
      <Filter>Source\Manager</Filter>
    </ClCompile>
    <ClCompile Include="Source\Server.cpp">
      <Filter>Source\0_Main</Filter>
    </ClCompile>
    <ClCompile Include="Source\Room.cpp">
      <Filter>Source\Contents</Filter>
    </ClCompile>
    <ClCompile Include="Source\User.cpp">
      <Filter>Source\Contents</Filter>
    </ClCompile>
    <ClCompile Include="Source\pch.cpp">
      <Filter>Source\Header</Filter>
    </ClCompile>
    <ClCompile Include="Source\HyServerInstance.cpp">
      <Filter>Source\Manager</Filter>
    </ClCompile>
    <ClCompile Include="Source\DBManager.cpp">
      <Filter>Source\DB</Filter>
    </ClCompile>
    <ClCompile Include="Source\SpawnManager.cpp">
      <Filter>Source\Manager</Filter>
    </ClCompile>
    <ClCompile Include="Source\HyUtils.cpp">
      <Filter>Source\Utils</Filter>
    </ClCompile>
    <ClCompile Include="Source\Player.cpp">
      <Filter>Source\Contents</Filter>
    </ClCompile>
  </ItemGroup>
  <ItemGroup>
    <ClInclude Include="Source\Protocol\Protocol.pb.h">
      <Filter>Source\Protocol</Filter>
    </ClInclude>
    <ClInclude Include="Source\Protocol\Struct.pb.h">
      <Filter>Source\Protocol</Filter>
    </ClInclude>
    <ClInclude Include="Source\Protocol\Enum.pb.h">
      <Filter>Source\Protocol</Filter>
    </ClInclude>
    <ClInclude Include="Source\ServerPacketHandler.h">
      <Filter>Source\Network</Filter>
    </ClInclude>
    <ClInclude Include="Source\ServerSessions.h">
      <Filter>Source\Network</Filter>
    </ClInclude>
    <ClInclude Include="Source\UserManager.h">
      <Filter>Source\Manager</Filter>
    </ClInclude>
    <ClInclude Include="Source\SessionManager.h">
      <Filter>Source\Manager</Filter>
    </ClInclude>
    <ClInclude Include="Source\Room.h">
      <Filter>Source\Contents</Filter>
    </ClInclude>
    <ClInclude Include="Source\User.h">
      <Filter>Source\Contents</Filter>
    </ClInclude>
    <ClInclude Include="Source\pch.h">
      <Filter>Source\Header</Filter>
    </ClInclude>
    <ClInclude Include="Source\HyServerInstance.h">
      <Filter>Source\Manager</Filter>
    </ClInclude>
    <ClInclude Include="Source\DBManager.h">
      <Filter>Source\DB</Filter>
    </ClInclude>
    <ClInclude Include="Source\SpawnManager.h">
      <Filter>Source\Manager</Filter>
    </ClInclude>
    <ClInclude Include="Source\HyUtils.h">
      <Filter>Source\Utils</Filter>
    </ClInclude>
    <ClInclude Include="Source\Player.h">
      <Filter>Source\Contents</Filter>
    </ClInclude>
  </ItemGroup>
</Project>