<?xml version="1.0" encoding="utf-8"?>
<Project ToolsVersion="4.0" xmlns="http://schemas.microsoft.com/developer/msbuild/2003">
  <ItemGroup>
    <Filter Include="리소스 파일">
      <UniqueIdentifier>{67DA6AB6-F800-4c08-8B7A-83BB121AAD01}</UniqueIdentifier>
      <Extensions>rc;ico;cur;bmp;dlg;rc2;rct;bin;rgs;gif;jpg;jpeg;jpe;resx;tiff;tif;png;wav;mfcribbon-ms</Extensions>
    </Filter>
    <Filter Include="Source">
      <UniqueIdentifier>{4a08bf99-0291-480b-b4e6-46e09b4e17b6}</UniqueIdentifier>
    </Filter>
    <Filter Include="Source\pch">
      <UniqueIdentifier>{5daf44c1-cf13-4031-8690-312d6ebdd452}</UniqueIdentifier>
    </Filter>
    <Filter Include="Source\0_main">
      <UniqueIdentifier>{cae0d457-4547-49fd-9892-e015cc5315ff}</UniqueIdentifier>
    </Filter>
    <Filter Include="Source\Protocol">
      <UniqueIdentifier>{08bbcdc1-e32e-4781-89d4-ac7ebf03522b}</UniqueIdentifier>
    </Filter>
  </ItemGroup>
  <ItemGroup>
    <ClInclude Include="targetver.h">
      <Filter>Source</Filter>
    </ClInclude>
    <ClInclude Include="ClientWinAPI.h">
      <Filter>Source\0_main</Filter>
    </ClInclude>
    <ClInclude Include="Source\Protocol\Struct.pb.h">
      <Filter>Source\Protocol</Filter>
    </ClInclude>
    <ClInclude Include="Source\Protocol\Enum.pb.h">
      <Filter>Source\Protocol</Filter>
    </ClInclude>
    <ClInclude Include="framework.h">
      <Filter>Source\Protocol</Filter>
    </ClInclude>
    <ClInclude Include="Source\Protocol\Protocol.pb.h">
      <Filter>Source\Protocol</Filter>
    </ClInclude>
    <ClInclude Include="Resource.h">
      <Filter>Source\Protocol</Filter>
    </ClInclude>
    <ClInclude Include="Source\User.h">
      <Filter>Source</Filter>
    </ClInclude>
    <ClInclude Include="Source\UserManager.h">
      <Filter>Source</Filter>
    </ClInclude>
    <ClInclude Include="Source\ClientWin.h">
      <Filter>Source</Filter>
    </ClInclude>
    <ClInclude Include="Source\ClientPacketHandler.h">
      <Filter>Source</Filter>
    </ClInclude>
    <ClInclude Include="Source\ClientSessions.h">
      <Filter>Source</Filter>
    </ClInclude>
    <ClInclude Include="Source\HyClientInstance.h">
      <Filter>Source</Filter>
    </ClInclude>
    <ClInclude Include="Source\Room.h">
      <Filter>Source</Filter>
    </ClInclude>
    <ClInclude Include="Source\SessionManager.h">
      <Filter>Source</Filter>
    </ClInclude>
    <ClInclude Include="Source\pch.h">
      <Filter>Source\pch</Filter>
    </ClInclude>
  </ItemGroup>
  <ItemGroup>
    <ResourceCompile Include="ClientWinAPI.rc">
      <Filter>리소스 파일</Filter>
    </ResourceCompile>
  </ItemGroup>
  <ItemGroup>
    <Image Include="small.ico">
      <Filter>리소스 파일</Filter>
    </Image>
    <Image Include="ClientWinAPI.ico">
      <Filter>리소스 파일</Filter>
    </Image>
  </ItemGroup>
  <ItemGroup>
    <ClCompile Include="ClientWinAPI.cpp">
      <Filter>Source\0_main</Filter>
    </ClCompile>
    <ClCompile Include="Source\Protocol\Enum.pb.cc">
      <Filter>Source\Protocol</Filter>
    </ClCompile>
    <ClCompile Include="Source\Protocol\Protocol.pb.cc">
      <Filter>Source\Protocol</Filter>
    </ClCompile>
    <ClCompile Include="Source\Protocol\Struct.pb.cc">
      <Filter>Source\Protocol</Filter>
    </ClCompile>
    <ClCompile Include="Source\UserManager.cpp">
      <Filter>Source</Filter>
    </ClCompile>
    <ClCompile Include="Source\ClientWin.cpp">
      <Filter>Source</Filter>
    </ClCompile>
    <ClCompile Include="Source\ClientPacketHandler.cpp">
      <Filter>Source</Filter>
    </ClCompile>
    <ClCompile Include="Source\ClientSessions.cpp">
      <Filter>Source</Filter>
    </ClCompile>
    <ClCompile Include="Source\HyClientInstance.cpp">
      <Filter>Source</Filter>
    </ClCompile>
    <ClCompile Include="Source\Room.cpp">
      <Filter>Source</Filter>
    </ClCompile>
    <ClCompile Include="Source\SessionManager.cpp">
      <Filter>Source</Filter>
    </ClCompile>
    <ClCompile Include="Source\User.cpp">
      <Filter>Source</Filter>
    </ClCompile>
    <ClCompile Include="Source\pch.cpp">
      <Filter>Source\pch</Filter>
    </ClCompile>
  </ItemGroup>
</Project>